
Microsoft Visual Studio Solution File, Format Version 12.00
# Visual Studio Version 17
VisualStudioVersion = 17.9.34622.214
MinimumVisualStudioVersion = 10.0.40219.1
Project("{FAE04EC0-301F-11D3-BF4B-00C04F79EFBC}") = "Davlyatshin", "Davlyatshin\Davlyatshin.csproj", "{742B2318-9D71-49E9-9B6E-E8D8C7BBB922}"
EndProject
Global
	GlobalSection(SolutionConfigurationPlatforms) = preSolution
		Debug|Any CPU = Debug|Any CPU
		Release|Any CPU = Release|Any CPU
	EndGlobalSection
	GlobalSection(ProjectConfigurationPlatforms) = postSolution
		{742B2318-9D71-49E9-9B6E-E8D8C7BBB922}.Debug|Any CPU.ActiveCfg = Debug|Any CPU
		{742B2318-9D71-49E9-9B6E-E8D8C7BBB922}.Debug|Any CPU.Build.0 = Debug|Any CPU
		{742B2318-9D71-49E9-9B6E-E8D8C7BBB922}.Release|Any CPU.ActiveCfg = Release|Any CPU
		{742B2318-9D71-49E9-9B6E-E8D8C7BBB922}.Release|Any CPU.Build.0 = Release|Any CPU
	EndGlobalSection
	GlobalSection(SolutionProperties) = preSolution
		HideSolutionNode = FALSE
	EndGlobalSection
	GlobalSection(ExtensibilityGlobals) = postSolution
		SolutionGuid = {CF49127B-60C4-4366-9ED9-F64AA57CB30B}
	EndGlobalSection
EndGlobal
